
Microsoft Visual Studio Solution File, Format Version 12.00
Project("{FAE04EC0-301F-11D3-BF4B-00C04F79EFBC}") = "Allura.Challenge.Domain", "Allura.Challenge.Domain\Allura.Challenge.Domain.csproj", "{773F3525-36E9-490C-8720-21083CE2961D}"
EndProject
Project("{FAE04EC0-301F-11D3-BF4B-00C04F79EFBC}") = "Allura.Challenge.Database", "Allura.Challenge.Database\Allura.Challenge.Database.csproj", "{42D72BFA-CC55-4534-8ECA-FEDCB454959F}"
EndProject
Project("{FAE04EC0-301F-11D3-BF4B-00C04F79EFBC}") = "Alura.Challenge.BackEnd.Api", "Alura.Challenge.BackEnd.Api\Alura.Challenge.BackEnd.Api.csproj", "{657BB61A-80F0-4546-9825-623629AB3E24}"
EndProject
Global
	GlobalSection(SolutionConfigurationPlatforms) = preSolution
		Debug|Any CPU = Debug|Any CPU
		Release|Any CPU = Release|Any CPU
	EndGlobalSection
	GlobalSection(ProjectConfigurationPlatforms) = postSolution
		{773F3525-36E9-490C-8720-21083CE2961D}.Debug|Any CPU.ActiveCfg = Debug|Any CPU
		{773F3525-36E9-490C-8720-21083CE2961D}.Debug|Any CPU.Build.0 = Debug|Any CPU
		{773F3525-36E9-490C-8720-21083CE2961D}.Release|Any CPU.ActiveCfg = Release|Any CPU
		{773F3525-36E9-490C-8720-21083CE2961D}.Release|Any CPU.Build.0 = Release|Any CPU
		{42D72BFA-CC55-4534-8ECA-FEDCB454959F}.Debug|Any CPU.ActiveCfg = Debug|Any CPU
		{42D72BFA-CC55-4534-8ECA-FEDCB454959F}.Debug|Any CPU.Build.0 = Debug|Any CPU
		{42D72BFA-CC55-4534-8ECA-FEDCB454959F}.Release|Any CPU.ActiveCfg = Release|Any CPU
		{42D72BFA-CC55-4534-8ECA-FEDCB454959F}.Release|Any CPU.Build.0 = Release|Any CPU
		{657BB61A-80F0-4546-9825-623629AB3E24}.Debug|Any CPU.ActiveCfg = Debug|Any CPU
		{657BB61A-80F0-4546-9825-623629AB3E24}.Debug|Any CPU.Build.0 = Debug|Any CPU
		{657BB61A-80F0-4546-9825-623629AB3E24}.Release|Any CPU.ActiveCfg = Release|Any CPU
		{657BB61A-80F0-4546-9825-623629AB3E24}.Release|Any CPU.Build.0 = Release|Any CPU
	EndGlobalSection
EndGlobal
